
Microsoft Visual Studio Solution File, Format Version 12.00
Project("{FAE04EC0-301F-11D3-BF4B-00C04F79EFBC}") = "WordCounter3Shape", "WordCounter3Shape\WordCounter3Shape.csproj", "{C407D850-BE72-43F3-82EA-3ABF2FF87EDD}"
EndProject
Project("{FAE04EC0-301F-11D3-BF4B-00C04F79EFBC}") = "WordCounterTests", "WordCounterTests\WordCounterTests.csproj", "{3F064B9C-068C-4796-9ABD-AFA2ABCC2F7D}"
EndProject
Global
	GlobalSection(SolutionConfigurationPlatforms) = preSolution
		Debug|Any CPU = Debug|Any CPU
		Release|Any CPU = Release|Any CPU
	EndGlobalSection
	GlobalSection(ProjectConfigurationPlatforms) = postSolution
		{C407D850-BE72-43F3-82EA-3ABF2FF87EDD}.Debug|Any CPU.ActiveCfg = Debug|Any CPU
		{C407D850-BE72-43F3-82EA-3ABF2FF87EDD}.Debug|Any CPU.Build.0 = Debug|Any CPU
		{C407D850-BE72-43F3-82EA-3ABF2FF87EDD}.Release|Any CPU.ActiveCfg = Release|Any CPU
		{C407D850-BE72-43F3-82EA-3ABF2FF87EDD}.Release|Any CPU.Build.0 = Release|Any CPU
		{3F064B9C-068C-4796-9ABD-AFA2ABCC2F7D}.Debug|Any CPU.ActiveCfg = Debug|Any CPU
		{3F064B9C-068C-4796-9ABD-AFA2ABCC2F7D}.Debug|Any CPU.Build.0 = Debug|Any CPU
		{3F064B9C-068C-4796-9ABD-AFA2ABCC2F7D}.Release|Any CPU.ActiveCfg = Release|Any CPU
		{3F064B9C-068C-4796-9ABD-AFA2ABCC2F7D}.Release|Any CPU.Build.0 = Release|Any CPU
	EndGlobalSection
EndGlobal
